
Microsoft Visual Studio Solution File, Format Version 12.00
# Visual Studio 15
VisualStudioVersion = 15.0.28010.2046
MinimumVisualStudioVersion = 10.0.40219.1
Project("{FAE04EC0-301F-11D3-BF4B-00C04F79EFBC}") = "WICmdUtl", "WICmdUtl\WICmdUtl.csproj", "{2748A92A-A522-4502-98EA-5D3D7A56DEBB}"
EndProject
Global
	GlobalSection(SolutionConfigurationPlatforms) = preSolution
		Debug|Any CPU = Debug|Any CPU
		Release|Any CPU = Release|Any CPU
	EndGlobalSection
	GlobalSection(ProjectConfigurationPlatforms) = postSolution
		{2748A92A-A522-4502-98EA-5D3D7A56DEBB}.Debug|Any CPU.ActiveCfg = Debug|Any CPU
		{2748A92A-A522-4502-98EA-5D3D7A56DEBB}.Debug|Any CPU.Build.0 = Debug|Any CPU
		{2748A92A-A522-4502-98EA-5D3D7A56DEBB}.Release|Any CPU.ActiveCfg = Release|Any CPU
		{2748A92A-A522-4502-98EA-5D3D7A56DEBB}.Release|Any CPU.Build.0 = Release|Any CPU
	EndGlobalSection
	GlobalSection(SolutionProperties) = preSolution
		HideSolutionNode = FALSE
	EndGlobalSection
	GlobalSection(ExtensibilityGlobals) = postSolution
		SolutionGuid = {24892F3B-4ED8-48A6-9D5E-F55BF301044A}
	EndGlobalSection
EndGlobal
